
Microsoft Visual Studio Solution File, Format Version 12.00
# Visual Studio 14
VisualStudioVersion = 14.0.23107.0
MinimumVisualStudioVersion = 10.0.40219.1
Project("{FAE04EC0-301F-11D3-BF4B-00C04F79EFBC}") = "HelloService", "HelloService\HelloService.csproj", "{999DCE95-41F3-4C44-BC22-00D7330D83E4}"
EndProject
Project("{FAE04EC0-301F-11D3-BF4B-00C04F79EFBC}") = "HelloServiceHost", "HelloServiceHost\HelloServiceHost.csproj", "{D63A51D6-7D98-449A-8733-3B4986004E20}"
EndProject
Global
	GlobalSection(SolutionConfigurationPlatforms) = preSolution
		Debug|Any CPU = Debug|Any CPU
		Release|Any CPU = Release|Any CPU
	EndGlobalSection
	GlobalSection(ProjectConfigurationPlatforms) = postSolution
		{999DCE95-41F3-4C44-BC22-00D7330D83E4}.Debug|Any CPU.ActiveCfg = Debug|Any CPU
		{999DCE95-41F3-4C44-BC22-00D7330D83E4}.Debug|Any CPU.Build.0 = Debug|Any CPU
		{999DCE95-41F3-4C44-BC22-00D7330D83E4}.Release|Any CPU.ActiveCfg = Release|Any CPU
		{999DCE95-41F3-4C44-BC22-00D7330D83E4}.Release|Any CPU.Build.0 = Release|Any CPU
		{D63A51D6-7D98-449A-8733-3B4986004E20}.Debug|Any CPU.ActiveCfg = Debug|Any CPU
		{D63A51D6-7D98-449A-8733-3B4986004E20}.Debug|Any CPU.Build.0 = Debug|Any CPU
		{D63A51D6-7D98-449A-8733-3B4986004E20}.Release|Any CPU.ActiveCfg = Release|Any CPU
		{D63A51D6-7D98-449A-8733-3B4986004E20}.Release|Any CPU.Build.0 = Release|Any CPU
	EndGlobalSection
	GlobalSection(SolutionProperties) = preSolution
		HideSolutionNode = FALSE
	EndGlobalSection
EndGlobal
